{
  "name": "onewordstorybot",
  "version": "1.0.0",
  "lockfileVersion": 3,
  "requires": true,
  "packages": {
    "": {
      "name": "onewordstorybot",
      "version": "1.0.0",
      "license": "ISC",
      "dependencies": {
        "@atproto/api": "^0.15.17",
        "discord.js": "^14.20.0",
        "dotenv": "^16.5.0"
      }
    },
    "node_modules/@atproto/api": {
      "version": "0.15.17",
      "resolved": "https://registry.npmjs.org/@atproto/api/-/api-0.15.17.tgz",
      "integrity": "sha512-spHsfs052kamVX2foY4gz+wc8y4VdteXCG60xpG0pFsXJ47ueLVM8qdT/v9+Ii9FNRAvE+VVcGyAo/94P9Smrw==",
      "license": "MIT",
      "dependencies": {
        "@atproto/common-web": "^0.4.2",
        "@atproto/lexicon": "^0.4.11",
        "@atproto/syntax": "^0.4.0",
        "@atproto/xrpc": "^0.7.0",
        "await-lock": "^2.2.2",
        "multiformats": "^9.9.0",
        "tlds": "^1.234.0",
        "zod": "^3.23.8"
      }
    },
    "node_modules/@atproto/common-web": {
      "version": "0.4.2",
      "resolved": "https://registry.npmjs.org/@atproto/common-web/-/common-web-0.4.2.tgz",
      "integrity": "sha512-vrXwGNoFGogodjQvJDxAeP3QbGtawgZute2ed1XdRO0wMixLk3qewtikZm06H259QDJVu6voKC5mubml+WgQUw==",
      "license": "MIT",
      "dependencies": {
        "graphemer": "^1.4.0",
        "multiformats": "^9.9.0",
        "uint8arrays": "3.0.0",
        "zod": "^3.23.8"
      }
    },
    "node_modules/@atproto/lexicon": {
      "version": "0.4.11",
      "resolved": "https://registry.npmjs.org/@atproto/lexicon/-/lexicon-0.4.11.tgz",
      "integrity": "sha512-btefdnvNz2Ao2I+qbmj0F06HC8IlrM/IBz6qOBS50r0S6uDf5tOO+Mv2tSVdimFkdzyDdLtBI1sV36ONxz2cOw==",
      "license": "MIT",
      "dependencies": {
        "@atproto/common-web": "^0.4.2",
        "@atproto/syntax": "^0.4.0",
        "iso-datestring-validator": "^2.2.2",
        "multiformats": "^9.9.0",
        "zod": "^3.23.8"
      }
    },
    "node_modules/@atproto/syntax": {
      "version": "0.4.0",
      "resolved": "https://registry.npmjs.org/@atproto/syntax/-/syntax-0.4.0.tgz",
      "integrity": "sha512-b9y5ceHS8YKOfP3mdKmwAx5yVj9294UN7FG2XzP6V5aKUdFazEYRnR9m5n5ZQFKa3GNvz7de9guZCJ/sUTcOAA==",
      "license": "MIT"
    },
    "node_modules/@atproto/xrpc": {
      "version": "0.7.0",
      "resolved": "https://registry.npmjs.org/@atproto/xrpc/-/xrpc-0.7.0.tgz",
      "integrity": "sha512-SfhP9dGx2qclaScFDb58Jnrmim5nk4geZXCqg6sB0I/KZhZEkr9iIx1hLCp+sxkIfEsmEJjeWO4B0rjUIJW5cw==",
      "license": "MIT",
      "dependencies": {
        "@atproto/lexicon": "^0.4.11",
        "zod": "^3.23.8"
      }
    },
    "node_modules/@discordjs/builders": {
      "version": "1.11.2",
      "resolved": "https://registry.npmjs.org/@discordjs/builders/-/builders-1.11.2.tgz",
      "integrity": "sha512-F1WTABdd8/R9D1icJzajC4IuLyyS8f3rTOz66JsSI3pKvpCAtsMBweu8cyNYsIyvcrKAVn9EPK+Psoymq+XC0A==",
      "license": "Apache-2.0",
      "dependencies": {
        "@discordjs/formatters": "^0.6.1",
        "@discordjs/util": "^1.1.1",
        "@sapphire/shapeshift": "^4.0.0",
        "discord-api-types": "^0.38.1",
        "fast-deep-equal": "^3.1.3",
        "ts-mixer": "^6.0.4",
        "tslib": "^2.6.3"
      },
      "engines": {
        "node": ">=16.11.0"
      },
      "funding": {
        "url": "https://github.com/discordjs/discord.js?sponsor"
      }
    },
    "node_modules/@discordjs/collection": {
      "version": "1.5.3",
      "resolved": "https://registry.npmjs.org/@discordjs/collection/-/collection-1.5.3.tgz",
      "integrity": "sha512-SVb428OMd3WO1paV3rm6tSjM4wC+Kecaa1EUGX7vc6/fddvw/6lg90z4QtCqm21zvVe92vMMDt9+DkIvjXImQQ==",
      "license": "Apache-2.0",
      "engines": {
        "node": ">=16.11.0"
      }
    },
    "node_modules/@discordjs/formatters": {
      "version": "0.6.1",
      "resolved": "https://registry.npmjs.org/@discordjs/formatters/-/formatters-0.6.1.tgz",
      "integrity": "sha512-5cnX+tASiPCqCWtFcFslxBVUaCetB0thvM/JyavhbXInP1HJIEU+Qv/zMrnuwSsX3yWH2lVXNJZeDK3EiP4HHg==",
      "license": "Apache-2.0",
      "dependencies": {
        "discord-api-types": "^0.38.1"
      },
      "engines": {
        "node": ">=16.11.0"
      },
      "funding": {
        "url": "https://github.com/discordjs/discord.js?sponsor"
      }
    },
    "node_modules/@discordjs/rest": {
      "version": "2.5.1",
      "resolved": "https://registry.npmjs.org/@discordjs/rest/-/rest-2.5.1.tgz",
      "integrity": "sha512-Tg9840IneBcbrAjcGaQzHUJWFNq1MMWZjTdjJ0WS/89IffaNKc++iOvffucPxQTF/gviO9+9r8kEPea1X5J2Dw==",
      "license": "Apache-2.0",
      "dependencies": {
        "@discordjs/collection": "^2.1.1",
        "@discordjs/util": "^1.1.1",
        "@sapphire/async-queue": "^1.5.3",
        "@sapphire/snowflake": "^3.5.3",
        "@vladfrangu/async_event_emitter": "^2.4.6",
        "discord-api-types": "^0.38.1",
        "magic-bytes.js": "^1.10.0",
        "tslib": "^2.6.3",
        "undici": "6.21.3"
      },
      "engines": {
        "node": ">=18"
      },
      "funding": {
        "url": "https://github.com/discordjs/discord.js?sponsor"
      }
    },
    "node_modules/@discordjs/rest/node_modules/@discordjs/collection": {
      "version": "2.1.1",
      "resolved": "https://registry.npmjs.org/@discordjs/collection/-/collection-2.1.1.tgz",
      "integrity": "sha512-LiSusze9Tc7qF03sLCujF5iZp7K+vRNEDBZ86FT9aQAv3vxMLihUvKvpsCWiQ2DJq1tVckopKm1rxomgNUc9hg==",
      "license": "Apache-2.0",
      "engines": {
        "node": ">=18"
      },
      "funding": {
        "url": "https://github.com/discordjs/discord.js?sponsor"
      }
    },
    "node_modules/@discordjs/util": {
      "version": "1.1.1",
      "resolved": "https://registry.npmjs.org/@discordjs/util/-/util-1.1.1.tgz",
      "integrity": "sha512-eddz6UnOBEB1oITPinyrB2Pttej49M9FZQY8NxgEvc3tq6ZICZ19m70RsmzRdDHk80O9NoYN/25AqJl8vPVf/g==",
      "license": "Apache-2.0",
      "engines": {
        "node": ">=18"
      },
      "funding": {
        "url": "https://github.com/discordjs/discord.js?sponsor"
      }
    },
    "node_modules/@discordjs/ws": {
      "version": "1.2.3",
      "resolved": "https://registry.npmjs.org/@discordjs/ws/-/ws-1.2.3.tgz",
      "integrity": "sha512-wPlQDxEmlDg5IxhJPuxXr3Vy9AjYq5xCvFWGJyD7w7Np8ZGu+Mc+97LCoEc/+AYCo2IDpKioiH0/c/mj5ZR9Uw==",
      "license": "Apache-2.0",
      "dependencies": {
        "@discordjs/collection": "^2.1.0",
        "@discordjs/rest": "^2.5.1",
        "@discordjs/util": "^1.1.0",
        "@sapphire/async-queue": "^1.5.2",
        "@types/ws": "^8.5.10",
        "@vladfrangu/async_event_emitter": "^2.2.4",
        "discord-api-types": "^0.38.1",
        "tslib": "^2.6.2",
        "ws": "^8.17.0"
      },
      "engines": {
        "node": ">=16.11.0"
      },
      "funding": {
        "url": "https://github.com/discordjs/discord.js?sponsor"
      }
    },
    "node_modules/@discordjs/ws/node_modules/@discordjs/collection": {
      "version": "2.1.1",
      "resolved": "https://registry.npmjs.org/@discordjs/collection/-/collection-2.1.1.tgz",
      "integrity": "sha512-LiSusze9Tc7qF03sLCujF5iZp7K+vRNEDBZ86FT9aQAv3vxMLihUvKvpsCWiQ2DJq1tVckopKm1rxomgNUc9hg==",
      "license": "Apache-2.0",
      "engines": {
        "node": ">=18"
      },
      "funding": {
        "url": "https://github.com/discordjs/discord.js?sponsor"
      }
    },
    "node_modules/@sapphire/async-queue": {
      "version": "1.5.5",
      "resolved": "https://registry.npmjs.org/@sapphire/async-queue/-/async-queue-1.5.5.tgz",
      "integrity": "sha512-cvGzxbba6sav2zZkH8GPf2oGk9yYoD5qrNWdu9fRehifgnFZJMV+nuy2nON2roRO4yQQ+v7MK/Pktl/HgfsUXg==",
      "license": "MIT",
      "engines": {
        "node": ">=v14.0.0",
        "npm": ">=7.0.0"
      }
    },
    "node_modules/@sapphire/shapeshift": {
      "version": "4.0.0",
      "resolved": "https://registry.npmjs.org/@sapphire/shapeshift/-/shapeshift-4.0.0.tgz",
      "integrity": "sha512-d9dUmWVA7MMiKobL3VpLF8P2aeanRTu6ypG2OIaEv/ZHH/SUQ2iHOVyi5wAPjQ+HmnMuL0whK9ez8I/raWbtIg==",
      "license": "MIT",
      "dependencies": {
        "fast-deep-equal": "^3.1.3",
        "lodash": "^4.17.21"
      },
      "engines": {
        "node": ">=v16"
      }
    },
    "node_modules/@sapphire/snowflake": {
      "version": "3.5.3",
      "resolved": "https://registry.npmjs.org/@sapphire/snowflake/-/snowflake-3.5.3.tgz",
      "integrity": "sha512-jjmJywLAFoWeBi1W7994zZyiNWPIiqRRNAmSERxyg93xRGzNYvGjlZ0gR6x0F4gPRi2+0O6S71kOZYyr3cxaIQ==",
      "license": "MIT",
      "engines": {
        "node": ">=v14.0.0",
        "npm": ">=7.0.0"
      }
    },
    "node_modules/@types/node": {
      "version": "24.0.4",
      "resolved": "https://registry.npmjs.org/@types/node/-/node-24.0.4.tgz",
      "integrity": "sha512-ulyqAkrhnuNq9pB76DRBTkcS6YsmDALy6Ua63V8OhrOBgbcYt6IOdzpw5P1+dyRIyMerzLkeYWBeOXPpA9GMAA==",
      "license": "MIT",
      "dependencies": {
        "undici-types": "~7.8.0"
      }
    },
    "node_modules/@types/ws": {
      "version": "8.18.1",
      "resolved": "https://registry.npmjs.org/@types/ws/-/ws-8.18.1.tgz",
      "integrity": "sha512-ThVF6DCVhA8kUGy+aazFQ4kXQ7E1Ty7A3ypFOe0IcJV8O/M511G99AW24irKrW56Wt44yG9+ij8FaqoBGkuBXg==",
      "license": "MIT",
      "dependencies": {
        "@types/node": "*"
      }
    },
    "node_modules/@vladfrangu/async_event_emitter": {
      "version": "2.4.6",
      "resolved": "https://registry.npmjs.org/@vladfrangu/async_event_emitter/-/async_event_emitter-2.4.6.tgz",
      "integrity": "sha512-RaI5qZo6D2CVS6sTHFKg1v5Ohq/+Bo2LZ5gzUEwZ/WkHhwtGTCB/sVLw8ijOkAUxasZ+WshN/Rzj4ywsABJ5ZA==",
      "license": "MIT",
      "engines": {
        "node": ">=v14.0.0",
        "npm": ">=7.0.0"
      }
    },
    "node_modules/await-lock": {
      "version": "2.2.2",
      "resolved": "https://registry.npmjs.org/await-lock/-/await-lock-2.2.2.tgz",
      "integrity": "sha512-aDczADvlvTGajTDjcjpJMqRkOF6Qdz3YbPZm/PyW6tKPkx2hlYBzxMhEywM/tU72HrVZjgl5VCdRuMlA7pZ8Gw==",
      "license": "MIT"
    },
    "node_modules/discord-api-types": {
      "version": "0.38.13",
      "resolved": "https://registry.npmjs.org/discord-api-types/-/discord-api-types-0.38.13.tgz",
      "integrity": "sha512-FELWJRgLVQuR7Az8RhdEZE0k6QNjSW9PCUcU1iyP2Gke8HrJmnMceSS9pD93UM64s3tvZzJPajpPLjWZJylf4g==",
      "license": "MIT",
      "workspaces": [
        "scripts/actions/documentation"
      ]
    },
    "node_modules/discord.js": {
      "version": "14.20.0",
      "resolved": "https://registry.npmjs.org/discord.js/-/discord.js-14.20.0.tgz",
      "integrity": "sha512-5fRTptK2vpuz+bTuAEUQLSo/3AgCSLHl6Mm9+/ofb+8cbbnjWllhtaqRBq7XcpzlBnfNEugKv8HvCwcOtIHpCg==",
      "license": "Apache-2.0",
      "dependencies": {
        "@discordjs/builders": "^1.11.2",
        "@discordjs/collection": "1.5.3",
        "@discordjs/formatters": "^0.6.1",
        "@discordjs/rest": "^2.5.1",
        "@discordjs/util": "^1.1.1",
        "@discordjs/ws": "^1.2.3",
        "@sapphire/snowflake": "3.5.3",
        "discord-api-types": "^0.38.1",
        "fast-deep-equal": "3.1.3",
        "lodash.snakecase": "4.1.1",
        "magic-bytes.js": "^1.10.0",
        "tslib": "^2.6.3",
        "undici": "6.21.3"
      },
      "engines": {
        "node": ">=18"
      },
      "funding": {
        "url": "https://github.com/discordjs/discord.js?sponsor"
      }
    },
    "node_modules/dotenv": {
      "version": "16.5.0",
      "resolved": "https://registry.npmjs.org/dotenv/-/dotenv-16.5.0.tgz",
      "integrity": "sha512-m/C+AwOAr9/W1UOIZUo232ejMNnJAJtYQjUbHoNTBNTJSvqzzDh7vnrei3o3r3m9blf6ZoDkvcw0VmozNRFJxg==",
      "license": "BSD-2-Clause",
      "engines": {
        "node": ">=12"
      },
      "funding": {
        "url": "https://dotenvx.com"
      }
    },
    "node_modules/fast-deep-equal": {
      "version": "3.1.3",
      "resolved": "https://registry.npmjs.org/fast-deep-equal/-/fast-deep-equal-3.1.3.tgz",
      "integrity": "sha512-f3qQ9oQy9j2AhBe/H9VC91wLmKBCCU/gDOnKNAYG5hswO7BLKj09Hc5HYNz9cGI++xlpDCIgDaitVs03ATR84Q==",
      "license": "MIT"
    },
    "node_modules/graphemer": {
      "version": "1.4.0",
      "resolved": "https://registry.npmjs.org/graphemer/-/graphemer-1.4.0.tgz",
      "integrity": "sha512-EtKwoO6kxCL9WO5xipiHTZlSzBm7WLT627TqC/uVRd0HKmq8NXyebnNYxDoBi7wt8eTWrUrKXCOVaFq9x1kgag==",
      "license": "MIT"
    },
    "node_modules/iso-datestring-validator": {
      "version": "2.2.2",
      "resolved": "https://registry.npmjs.org/iso-datestring-validator/-/iso-datestring-validator-2.2.2.tgz",
      "integrity": "sha512-yLEMkBbLZTlVQqOnQ4FiMujR6T4DEcCb1xizmvXS+OxuhwcbtynoosRzdMA69zZCShCNAbi+gJ71FxZBBXx1SA==",
      "license": "MIT"
    },
    "node_modules/lodash": {
      "version": "4.17.21",
      "resolved": "https://registry.npmjs.org/lodash/-/lodash-4.17.21.tgz",
      "integrity": "sha512-v2kDEe57lecTulaDIuNTPy3Ry4gLGJ6Z1O3vE1krgXZNrsQ+LFTGHVxVjcXPs17LhbZVGedAJv8XZ1tvj5FvSg==",
      "license": "MIT"
    },
    "node_modules/lodash.snakecase": {
      "version": "4.1.1",
      "resolved": "https://registry.npmjs.org/lodash.snakecase/-/lodash.snakecase-4.1.1.tgz",
      "integrity": "sha512-QZ1d4xoBHYUeuouhEq3lk3Uq7ldgyFXGBhg04+oRLnIz8o9T65Eh+8YdroUwn846zchkA9yDsDl5CVVaV2nqYw==",
      "license": "MIT"
    },
    "node_modules/magic-bytes.js": {
      "version": "1.12.1",
      "resolved": "https://registry.npmjs.org/magic-bytes.js/-/magic-bytes.js-1.12.1.tgz",
      "integrity": "sha512-ThQLOhN86ZkJ7qemtVRGYM+gRgR8GEXNli9H/PMvpnZsE44Xfh3wx9kGJaldg314v85m+bFW6WBMaVHJc/c3zA==",
      "license": "MIT"
    },
    "node_modules/multiformats": {
      "version": "9.9.0",
      "resolved": "https://registry.npmjs.org/multiformats/-/multiformats-9.9.0.tgz",
      "integrity": "sha512-HoMUjhH9T8DDBNT+6xzkrd9ga/XiBI4xLr58LJACwK6G3HTOPeMz4nB4KJs33L2BelrIJa7P0VuNaVF3hMYfjg==",
      "license": "(Apache-2.0 AND MIT)"
    },
    "node_modules/tlds": {
      "version": "1.259.0",
      "resolved": "https://registry.npmjs.org/tlds/-/tlds-1.259.0.tgz",
      "integrity": "sha512-AldGGlDP0PNgwppe2quAvuBl18UcjuNtOnDuUkqhd6ipPqrYYBt3aTxK1QTsBVknk97lS2JcafWMghjGWFtunw==",
      "license": "MIT",
      "bin": {
        "tlds": "bin.js"
      }
    },
    "node_modules/ts-mixer": {
      "version": "6.0.4",
      "resolved": "https://registry.npmjs.org/ts-mixer/-/ts-mixer-6.0.4.tgz",
      "integrity": "sha512-ufKpbmrugz5Aou4wcr5Wc1UUFWOLhq+Fm6qa6P0w0K5Qw2yhaUoiWszhCVuNQyNwrlGiscHOmqYoAox1PtvgjA==",
      "license": "MIT"
    },
    "node_modules/tslib": {
      "version": "2.8.1",
      "resolved": "https://registry.npmjs.org/tslib/-/tslib-2.8.1.tgz",
      "integrity": "sha512-oJFu94HQb+KVduSUQL7wnpmqnfmLsOA/nAh6b6EH0wCEoK0/mPeXU6c3wKDV83MkOuHPRHtSXKKU99IBazS/2w==",
      "license": "0BSD"
    },
    "node_modules/uint8arrays": {
      "version": "3.0.0",
      "resolved": "https://registry.npmjs.org/uint8arrays/-/uint8arrays-3.0.0.tgz",
      "integrity": "sha512-HRCx0q6O9Bfbp+HHSfQQKD7wU70+lydKVt4EghkdOvlK/NlrF90z+eXV34mUd48rNvVJXwkrMSPpCATkct8fJA==",
      "license": "MIT",
      "dependencies": {
        "multiformats": "^9.4.2"
      }
    },
    "node_modules/undici": {
      "version": "6.21.3",
      "resolved": "https://registry.npmjs.org/undici/-/undici-6.21.3.tgz",
      "integrity": "sha512-gBLkYIlEnSp8pFbT64yFgGE6UIB9tAkhukC23PmMDCe5Nd+cRqKxSjw5y54MK2AZMgZfJWMaNE4nYUHgi1XEOw==",
      "license": "MIT",
      "engines": {
        "node": ">=18.17"
      }
    },
    "node_modules/undici-types": {
      "version": "7.8.0",
      "resolved": "https://registry.npmjs.org/undici-types/-/undici-types-7.8.0.tgz",
      "integrity": "sha512-9UJ2xGDvQ43tYyVMpuHlsgApydB8ZKfVYTsLDhXkFL/6gfkp+U8xTGdh8pMJv1SpZna0zxG1DwsKZsreLbXBxw==",
      "license": "MIT"
    },
    "node_modules/ws": {
      "version": "8.18.2",
      "resolved": "https://registry.npmjs.org/ws/-/ws-8.18.2.tgz",
      "integrity": "sha512-DMricUmwGZUVr++AEAe2uiVM7UoO9MAVZMDu05UQOaUII0lp+zOzLLU4Xqh/JvTqklB1T4uELaaPBKyjE1r4fQ==",
      "license": "MIT",
      "engines": {
        "node": ">=10.0.0"
      },
      "peerDependencies": {
        "bufferutil": "^4.0.1",
        "utf-8-validate": ">=5.0.2"
      },
      "peerDependenciesMeta": {
        "bufferutil": {
          "optional": true
        },
        "utf-8-validate": {
          "optional": true
        }
      }
    },
    "node_modules/zod": {
      "version": "3.25.67",
      "resolved": "https://registry.npmjs.org/zod/-/zod-3.25.67.tgz",
      "integrity": "sha512-idA2YXwpCdqUSKRCACDE6ItZD9TZzy3OZMtpfLoh6oPR47lipysRrJfjzMqFxQ3uJuUPyUeWe1r9vLH33xO/Qw==",
      "license": "MIT",
      "funding": {
        "url": "https://github.com/sponsors/colinhacks"
      }
    }
  }
}
